
Microsoft Visual Studio Solution File, Format Version 12.00
# Visual Studio Version 17
VisualStudioVersion = 17.3.32804.467
MinimumVisualStudioVersion = 10.0.40219.1
Project("{9A19103F-16F7-4668-BE54-9A1E7A4F7556}") = "CameraShop", "CameraShop.csproj", "{8C64D552-1908-403E-984B-5E5A84D0243B}"
EndProject
Project("{9A19103F-16F7-4668-BE54-9A1E7A4F7556}") = "CameraShop.Infrastructure", "..\CameraShop.Infrastructure\CameraShop.Infrastructure.csproj", "{0DD5040D-C7B5-4B14-9769-44BE6DAB4CB4}"
EndProject
Project("{9A19103F-16F7-4668-BE54-9A1E7A4F7556}") = "CameraShop.Core", "..\CameraShop.Core\CameraShop.Core.csproj", "{405A8D7C-4DA8-4F6C-9A03-4731C17F5E9D}"
EndProject
Project("{9A19103F-16F7-4668-BE54-9A1E7A4F7556}") = "CameraShop.Repositories.Tests", "..\CameraShop.Repositories.Tests\CameraShop.Repositories.Tests.csproj", "{F4CCCFBB-4005-4BDD-A4A8-E0861B753067}"
EndProject
Global
	GlobalSection(SolutionConfigurationPlatforms) = preSolution
		Debug|Any CPU = Debug|Any CPU
		Release|Any CPU = Release|Any CPU
	EndGlobalSection
	GlobalSection(ProjectConfigurationPlatforms) = postSolution
		{8C64D552-1908-403E-984B-5E5A84D0243B}.Debug|Any CPU.ActiveCfg = Debug|Any CPU
		{8C64D552-1908-403E-984B-5E5A84D0243B}.Debug|Any CPU.Build.0 = Debug|Any CPU
		{8C64D552-1908-403E-984B-5E5A84D0243B}.Release|Any CPU.ActiveCfg = Release|Any CPU
		{8C64D552-1908-403E-984B-5E5A84D0243B}.Release|Any CPU.Build.0 = Release|Any CPU
		{0DD5040D-C7B5-4B14-9769-44BE6DAB4CB4}.Debug|Any CPU.ActiveCfg = Debug|Any CPU
		{0DD5040D-C7B5-4B14-9769-44BE6DAB4CB4}.Debug|Any CPU.Build.0 = Debug|Any CPU
		{0DD5040D-C7B5-4B14-9769-44BE6DAB4CB4}.Release|Any CPU.ActiveCfg = Release|Any CPU
		{0DD5040D-C7B5-4B14-9769-44BE6DAB4CB4}.Release|Any CPU.Build.0 = Release|Any CPU
		{405A8D7C-4DA8-4F6C-9A03-4731C17F5E9D}.Debug|Any CPU.ActiveCfg = Debug|Any CPU
		{405A8D7C-4DA8-4F6C-9A03-4731C17F5E9D}.Debug|Any CPU.Build.0 = Debug|Any CPU
		{405A8D7C-4DA8-4F6C-9A03-4731C17F5E9D}.Release|Any CPU.ActiveCfg = Release|Any CPU
		{405A8D7C-4DA8-4F6C-9A03-4731C17F5E9D}.Release|Any CPU.Build.0 = Release|Any CPU
		{F4CCCFBB-4005-4BDD-A4A8-E0861B753067}.Debug|Any CPU.ActiveCfg = Debug|Any CPU
		{F4CCCFBB-4005-4BDD-A4A8-E0861B753067}.Debug|Any CPU.Build.0 = Debug|Any CPU
		{F4CCCFBB-4005-4BDD-A4A8-E0861B753067}.Release|Any CPU.ActiveCfg = Release|Any CPU
		{F4CCCFBB-4005-4BDD-A4A8-E0861B753067}.Release|Any CPU.Build.0 = Release|Any CPU
	EndGlobalSection
	GlobalSection(SolutionProperties) = preSolution
		HideSolutionNode = FALSE
	EndGlobalSection
	GlobalSection(ExtensibilityGlobals) = postSolution
		SolutionGuid = {286800CE-151E-4164-A6A4-06319D3935A8}
	EndGlobalSection
EndGlobal
